
Microsoft Visual Studio Solution File, Format Version 11.00
# Visual Studio 2010
Project("{FAE04EC0-301F-11D3-BF4B-00C04F79EFBC}") = "SkyDriveUploader", "SkyDriveUploader\SkyDriveUploader.csproj", "{DF68D3D7-94C7-4DFB-978F-24E050E2A4F7}"
EndProject
Project("{FAE04EC0-301F-11D3-BF4B-00C04F79EFBC}") = "SkyDriveUploader.Web", "SkyDriveUploader.Web\SkyDriveUploader.Web.csproj", "{DF168B94-2D8B-4F75-A2D8-D08B73ACD94D}"
EndProject
Global
	GlobalSection(SolutionConfigurationPlatforms) = preSolution
		Debug|Any CPU = Debug|Any CPU
		Release|Any CPU = Release|Any CPU
	EndGlobalSection
	GlobalSection(ProjectConfigurationPlatforms) = postSolution
		{DF68D3D7-94C7-4DFB-978F-24E050E2A4F7}.Debug|Any CPU.ActiveCfg = Debug|Any CPU
		{DF68D3D7-94C7-4DFB-978F-24E050E2A4F7}.Debug|Any CPU.Build.0 = Debug|Any CPU
		{DF68D3D7-94C7-4DFB-978F-24E050E2A4F7}.Release|Any CPU.ActiveCfg = Release|Any CPU
		{DF68D3D7-94C7-4DFB-978F-24E050E2A4F7}.Release|Any CPU.Build.0 = Release|Any CPU
		{DF168B94-2D8B-4F75-A2D8-D08B73ACD94D}.Debug|Any CPU.ActiveCfg = Debug|Any CPU
		{DF168B94-2D8B-4F75-A2D8-D08B73ACD94D}.Debug|Any CPU.Build.0 = Debug|Any CPU
		{DF168B94-2D8B-4F75-A2D8-D08B73ACD94D}.Release|Any CPU.ActiveCfg = Release|Any CPU
		{DF168B94-2D8B-4F75-A2D8-D08B73ACD94D}.Release|Any CPU.Build.0 = Release|Any CPU
	EndGlobalSection
	GlobalSection(SolutionProperties) = preSolution
		HideSolutionNode = FALSE
	EndGlobalSection
EndGlobal
