
Microsoft Visual Studio Solution File, Format Version 11.00
# Visual Studio 2010
Project("{FAE04EC0-301F-11D3-BF4B-00C04F79EFBC}") = "WNSSkyDriveService", "WNSSkyDriveService\WNSSkyDriveService.csproj", "{BF60F9AE-4E7B-44D7-86AB-0756A8C1CC97}"
EndProject
Global
	GlobalSection(SolutionConfigurationPlatforms) = preSolution
		Debug|Any CPU = Debug|Any CPU
		Release|Any CPU = Release|Any CPU
	EndGlobalSection
	GlobalSection(ProjectConfigurationPlatforms) = postSolution
		{BF60F9AE-4E7B-44D7-86AB-0756A8C1CC97}.Debug|Any CPU.ActiveCfg = Debug|Any CPU
		{BF60F9AE-4E7B-44D7-86AB-0756A8C1CC97}.Debug|Any CPU.Build.0 = Debug|Any CPU
		{BF60F9AE-4E7B-44D7-86AB-0756A8C1CC97}.Release|Any CPU.ActiveCfg = Release|Any CPU
		{BF60F9AE-4E7B-44D7-86AB-0756A8C1CC97}.Release|Any CPU.Build.0 = Release|Any CPU
	EndGlobalSection
	GlobalSection(SolutionProperties) = preSolution
		HideSolutionNode = FALSE
	EndGlobalSection
EndGlobal
